
Microsoft Visual Studio Solution File, Format Version 12.00
# Visual Studio Version 16
VisualStudioVersion = 16.0.32002.261
MinimumVisualStudioVersion = 10.0.40219.1
Project("{FAE04EC0-301F-11D3-BF4B-00C04F79EFBC}") = "vTools Auth", "vTools Auth\vTools Auth.csproj", "{3AE70B30-152D-4742-BF09-643F07FBC7F7}"
EndProject
Global
	GlobalSection(SolutionConfigurationPlatforms) = preSolution
		Debug|Any CPU = Debug|Any CPU
		Release|Any CPU = Release|Any CPU
	EndGlobalSection
	GlobalSection(ProjectConfigurationPlatforms) = postSolution
		{3AE70B30-152D-4742-BF09-643F07FBC7F7}.Debug|Any CPU.ActiveCfg = Debug|Any CPU
		{3AE70B30-152D-4742-BF09-643F07FBC7F7}.Debug|Any CPU.Build.0 = Debug|Any CPU
		{3AE70B30-152D-4742-BF09-643F07FBC7F7}.Release|Any CPU.ActiveCfg = Release|Any CPU
		{3AE70B30-152D-4742-BF09-643F07FBC7F7}.Release|Any CPU.Build.0 = Release|Any CPU
	EndGlobalSection
	GlobalSection(SolutionProperties) = preSolution
		HideSolutionNode = FALSE
	EndGlobalSection
	GlobalSection(ExtensibilityGlobals) = postSolution
		SolutionGuid = {B7835182-4D30-4F25-B07C-9431DA6EFC15}
	EndGlobalSection
EndGlobal
